lockfileVersion: '9.0'

settings:
  autoInstallPeers: true
  excludeLinksFromLockfile: false

importers:

  .: {}

  packages/a:
    dependencies:
      react:
        specifier: 19.0.0
        version: 19.0.0

  packages/b:
    dependencies:
      react:
        specifier: 18.3.0
        version: 19.0.0

  packages/c:
    dependencies:
      is-positive:
        specifier: 1.0.0
        version: 3.1.0

packages:

  is-positive@3.1.0:
    resolution: {integrity: sha512-8ND1j3y9/HP94TOvGzr69/FgbkX2ruOldhLEsTWwcJVfo4oRjwemJmJxt7RJkKYH8tz7vYBP9JcKQY8CLuJ90Q==}
    engines: {node: '>=0.10.0'}

  react@19.0.0:
    resolution: {integrity: sha512-V8AVnmPIICiWpGfm6GLzCR/W5FXLchHop40W4nXBmdlEceh16rCN8O8LNWm5bh5XUX91fh7KpA+W0TgMKmgTpQ==}
    engines: {node: '>=0.10.0'}

snapshots:

  is-positive@3.1.0: {}

  react@19.0.0: {}
